// !$*UTF8*$!
{
	archiveVersion = 1;
	classes = {
	};
	objectVersion = 51;
	objects = {

/* Begin PBXBuildFile section */
		B4641E98E6A0CF54DBC14640 /* Pods_WeatherDemoTests.framework in Frameworks */ = {isa = PBXBuildFile; fileRef = A1D0578661C3818F63916350 /* Pods_WeatherDemoTests.framework */; };
		BD2D01B533CD0E15054B6B27 /* Pods_WeatherDemo.framework in Frameworks */ = {isa = PBXBuildFile; fileRef = 13FA36AEF78683C3FC833AB5 /* Pods_WeatherDemo.framework */; };
		F79B249622FAA98700743367 /* AppDelegate.swift in Sources */ = {isa = PBXBuildFile; fileRef = F79B249522FAA98700743367 /* AppDelegate.swift */; };
		F79B249822FAA98700743367 /* WeatherViewController.swift in Sources */ = {isa = PBXBuildFile; fileRef = F79B249722FAA98700743367 /* WeatherViewController.swift */; };
		F79B249B22FAA98700743367 /* Main.storyboard in Resources */ = {isa = PBXBuildFile; fileRef = F79B249922FAA98700743367 /* Main.storyboard */; };
		F79B249D22FAA98800743367 /* Assets.xcassets in Resources */ = {isa = PBXBuildFile; fileRef = F79B249C22FAA98800743367 /* Assets.xcassets */; };
		F79B24A022FAA98800743367 /* LaunchScreen.storyboard in Resources */ = {isa = PBXBuildFile; fileRef = F79B249E22FAA98800743367 /* LaunchScreen.storyboard */; };
		F79B24AB22FAA98800743367 /* WeatherDemoTests.swift in Sources */ = {isa = PBXBuildFile; fileRef = F79B24AA22FAA98800743367 /* WeatherDemoTests.swift */; };
		F79B24BE22FAB5F200743367 /* CityTests.swift in Sources */ = {isa = PBXBuildFile; fileRef = F79B24BD22FAB5F200743367 /* CityTests.swift */; };
		F79B24C722FAB68800743367 /* city.json in Resources */ = {isa = PBXBuildFile; fileRef = F79B24C422FAB68800743367 /* city.json */; };
		F79B24C822FAB68800743367 /* search.json in Resources */ = {isa = PBXBuildFile; fileRef = F79B24C522FAB68800743367 /* search.json */; };
		F79B24C922FAB68800743367 /* cities.json in Resources */ = {isa = PBXBuildFile; fileRef = F79B24C622FAB68800743367 /* cities.json */; };
		F79B24CC22FAB83500743367 /* City.swift in Sources */ = {isa = PBXBuildFile; fileRef = F79B24CB22FAB83500743367 /* City.swift */; };
		F79B24CD22FAB83500743367 /* City.swift in Sources */ = {isa = PBXBuildFile; fileRef = F79B24CB22FAB83500743367 /* City.swift */; };
		F79B24CF22FAC48400743367 /* CitiesList.swift in Sources */ = {isa = PBXBuildFile; fileRef = F79B24CE22FAC48400743367 /* CitiesList.swift */; };
		F79B24D022FAC48400743367 /* CitiesList.swift in Sources */ = {isa = PBXBuildFile; fileRef = F79B24CE22FAC48400743367 /* CitiesList.swift */; };
		F79B24D222FAC8FA00743367 /* JSONDecoder.swift in Sources */ = {isa = PBXBuildFile; fileRef = F79B24D122FAC8FA00743367 /* JSONDecoder.swift */; };
		F79B24D322FAC8FA00743367 /* JSONDecoder.swift in Sources */ = {isa = PBXBuildFile; fileRef = F79B24D122FAC8FA00743367 /* JSONDecoder.swift */; };
		F79B24E922FB998600743367 /* SearchList.swift in Sources */ = {isa = PBXBuildFile; fileRef = F79B24E822FB998600743367 /* SearchList.swift */; };
		F79B24EA22FB998600743367 /* SearchList.swift in Sources */ = {isa = PBXBuildFile; fileRef = F79B24E822FB998600743367 /* SearchList.swift */; };
		F79B24EC22FB9FE600743367 /* APIClient.swift in Sources */ = {isa = PBXBuildFile; fileRef = F79B24EB22FB9FE600743367 /* APIClient.swift */; };
		F79B24ED22FB9FE600743367 /* APIClient.swift in Sources */ = {isa = PBXBuildFile; fileRef = F79B24EB22FB9FE600743367 /* APIClient.swift */; };
		F79B24EF22FBA0FB00743367 /* APIs.swift in Sources */ = {isa = PBXBuildFile; fileRef = F79B24EE22FBA0FB00743367 /* APIs.swift */; };
		F79B24F122FBC79D00743367 /* DataStorage.swift in Sources */ = {isa = PBXBuildFile; fileRef = F79B24F022FBC79D00743367 /* DataStorage.swift */; };
		F79B24F222FBC79D00743367 /* DataStorage.swift in Sources */ = {isa = PBXBuildFile; fileRef = F79B24F022FBC79D00743367 /* DataStorage.swift */; };
		F79B24F422FBCBFF00743367 /* StorageTest.swift in Sources */ = {isa = PBXBuildFile; fileRef = F79B24F322FBCBFF00743367 /* StorageTest.swift */; };
		F79B24F722FBE10100743367 /* CitiesWeatherListViewModel.swift in Sources */ = {isa = PBXBuildFile; fileRef = F79B24F622FBE10100743367 /* CitiesWeatherListViewModel.swift */; };
		F79B24F822FBE10100743367 /* CitiesWeatherListViewModel.swift in Sources */ = {isa = PBXBuildFile; fileRef = F79B24F622FBE10100743367 /* CitiesWeatherListViewModel.swift */; };
		F79B24FB22FC052400743367 /* CityWeatherTableViewCell.swift in Sources */ = {isa = PBXBuildFile; fileRef = F79B24FA22FC052400743367 /* CityWeatherTableViewCell.swift */; };
		F79B24FD22FC375000743367 /* SearchTableViewController.swift in Sources */ = {isa = PBXBuildFile; fileRef = F79B24FC22FC375000743367 /* SearchTableViewController.swift */; };
		F79B250022FC391800743367 /* SearchViewModel.swift in Sources */ = {isa = PBXBuildFile; fileRef = F79B24FF22FC391800743367 /* SearchViewModel.swift */; };
		F79B250122FC391800743367 /* SearchViewModel.swift in Sources */ = {isa = PBXBuildFile; fileRef = F79B24FF22FC391800743367 /* SearchViewModel.swift */; };
/* End PBXBuildFile section */

/* Begin PBXContainerItemProxy section */
		F79B24A722FAA98800743367 /* PBXContainerItemProxy */ = {
			isa = PBXContainerItemProxy;
			containerPortal = F79B248A22FAA98700743367 /* Project object */;
			proxyType = 1;
			remoteGlobalIDString = F79B249122FAA98700743367;
			remoteInfo = WeatherDemo;
		};
/* End PBXContainerItemProxy section */

/* Begin PBXFileReference section */
		13FA36AEF78683C3FC833AB5 /* Pods_WeatherDemo.framework */ = {isa = PBXFileReference; explicitFileType = wrapper.framework; includeInIndex = 0; path = Pods_WeatherDemo.framework; sourceTree = BUILT_PRODUCTS_DIR; };
		69C002E9620A68D0878DD11B /* Pods-WeatherDemoTests.debug.xcconfig */ = {isa = PBXFileReference; includeInIndex = 1; lastKnownFileType = text.xcconfig; name = "Pods-WeatherDemoTests.debug.xcconfig"; path = "Target Support Files/Pods-WeatherDemoTests/Pods-WeatherDemoTests.debug.xcconfig"; sourceTree = "<group>"; };
		A1D0578661C3818F63916350 /* Pods_WeatherDemoTests.framework */ = {isa = PBXFileReference; explicitFileType = wrapper.framework; includeInIndex = 0; path = Pods_WeatherDemoTests.framework; sourceTree = BUILT_PRODUCTS_DIR; };
		C9E19DEDB2791E689027F41D /* Pods-WeatherDemoTests.release.xcconfig */ = {isa = PBXFileReference; includeInIndex = 1; lastKnownFileType = text.xcconfig; name = "Pods-WeatherDemoTests.release.xcconfig"; path = "Target Support Files/Pods-WeatherDemoTests/Pods-WeatherDemoTests.release.xcconfig"; sourceTree = "<group>"; };
		CE8DE2A90A20F707539A50F5 /* Pods-WeatherDemo.release.xcconfig */ = {isa = PBXFileReference; includeInIndex = 1; lastKnownFileType = text.xcconfig; name = "Pods-WeatherDemo.release.xcconfig"; path = "Target Support Files/Pods-WeatherDemo/Pods-WeatherDemo.release.xcconfig"; sourceTree = "<group>"; };
		F73DAD959ED38CAEB9D9652C /* Pods-WeatherDemo.debug.xcconfig */ = {isa = PBXFileReference; includeInIndex = 1; lastKnownFileType = text.xcconfig; name = "Pods-WeatherDemo.debug.xcconfig"; path = "Target Support Files/Pods-WeatherDemo/Pods-WeatherDemo.debug.xcconfig"; sourceTree = "<group>"; };
		F79B249222FAA98700743367 /* WeatherDemo.app */ = {isa = PBXFileReference; explicitFileType = wrapper.application; includeInIndex = 0; path = WeatherDemo.app; sourceTree = BUILT_PRODUCTS_DIR; };
		F79B249522FAA98700743367 /* AppDelegate.swift */ = {isa = PBXFileReference; lastKnownFileType = sourcecode.swift; path = AppDelegate.swift; sourceTree = "<group>"; };
		F79B249722FAA98700743367 /* WeatherViewController.swift */ = {isa = PBXFileReference; lastKnownFileType = sourcecode.swift; path = WeatherViewController.swift; sourceTree = "<group>"; };
		F79B249A22FAA98700743367 /* Base */ = {isa = PBXFileReference; lastKnownFileType = file.storyboard; name = Base; path = Base.lproj/Main.storyboard; sourceTree = "<group>"; };
		F79B249C22FAA98800743367 /* Assets.xcassets */ = {isa = PBXFileReference; lastKnownFileType = folder.assetcatalog; path = Assets.xcassets; sourceTree = "<group>"; };
		F79B249F22FAA98800743367 /* Base */ = {isa = PBXFileReference; lastKnownFileType = file.storyboard; name = Base; path = Base.lproj/LaunchScreen.storyboard; sourceTree = "<group>"; };
		F79B24A122FAA98800743367 /* Info.plist */ = {isa = PBXFileReference; lastKnownFileType = text.plist.xml; path = Info.plist; sourceTree = "<group>"; };
		F79B24A622FAA98800743367 /* WeatherDemoTests.xctest */ = {isa = PBXFileReference; explicitFileType = wrapper.cfbundle; includeInIndex = 0; path = WeatherDemoTests.xctest; sourceTree = BUILT_PRODUCTS_DIR; };
		F79B24AA22FAA98800743367 /* WeatherDemoTests.swift */ = {isa = PBXFileReference; lastKnownFileType = sourcecode.swift; path = WeatherDemoTests.swift; sourceTree = "<group>"; };
		F79B24AC22FAA98800743367 /* Info.plist */ = {isa = PBXFileReference; lastKnownFileType = text.plist.xml; path = Info.plist; sourceTree = "<group>"; };
		F79B24BB22FAB5F200743367 /* LogicTests.xctest */ = {isa = PBXFileReference; explicitFileType = wrapper.cfbundle; includeInIndex = 0; path = LogicTests.xctest; sourceTree = BUILT_PRODUCTS_DIR; };
		F79B24BD22FAB5F200743367 /* CityTests.swift */ = {isa = PBXFileReference; lastKnownFileType = sourcecode.swift; path = CityTests.swift; sourceTree = "<group>"; };
		F79B24BF22FAB5F200743367 /* Info.plist */ = {isa = PBXFileReference; lastKnownFileType = text.plist.xml; path = Info.plist; sourceTree = "<group>"; };
		F79B24C422FAB68800743367 /* city.json */ = {isa = PBXFileReference; fileEncoding = 4; lastKnownFileType = text.json; path = city.json; sourceTree = "<group>"; };
		F79B24C522FAB68800743367 /* search.json */ = {isa = PBXFileReference; fileEncoding = 4; lastKnownFileType = text.json; path = search.json; sourceTree = "<group>"; };
		F79B24C622FAB68800743367 /* cities.json */ = {isa = PBXFileReference; fileEncoding = 4; lastKnownFileType = text.json; path = cities.json; sourceTree = "<group>"; };
		F79B24CB22FAB83500743367 /* City.swift */ = {isa = PBXFileReference; lastKnownFileType = sourcecode.swift; path = City.swift; sourceTree = "<group>"; };
		F79B24CE22FAC48400743367 /* CitiesList.swift */ = {isa = PBXFileReference; lastKnownFileType = sourcecode.swift; path = CitiesList.swift; sourceTree = "<group>"; };
		F79B24D122FAC8FA00743367 /* JSONDecoder.swift */ = {isa = PBXFileReference; lastKnownFileType = sourcecode.swift; path = JSONDecoder.swift; sourceTree = "<group>"; };
		F79B24D422FACB8300743367 /* README.md */ = {isa = PBXFileReference; lastKnownFileType = net.daringfireball.markdown; path = README.md; sourceTree = "<group>"; };
		F79B24E822FB998600743367 /* SearchList.swift */ = {isa = PBXFileReference; lastKnownFileType = sourcecode.swift; path = SearchList.swift; sourceTree = "<group>"; };
		F79B24EB22FB9FE600743367 /* APIClient.swift */ = {isa = PBXFileReference; lastKnownFileType = sourcecode.swift; path = APIClient.swift; sourceTree = "<group>"; };
		F79B24EE22FBA0FB00743367 /* APIs.swift */ = {isa = PBXFileReference; lastKnownFileType = sourcecode.swift; path = APIs.swift; sourceTree = "<group>"; };
		F79B24F022FBC79D00743367 /* DataStorage.swift */ = {isa = PBXFileReference; lastKnownFileType = sourcecode.swift; path = DataStorage.swift; sourceTree = "<group>"; };
		F79B24F322FBCBFF00743367 /* StorageTest.swift */ = {isa = PBXFileReference; lastKnownFileType = sourcecode.swift; path = StorageTest.swift; sourceTree = "<group>"; };
		F79B24F622FBE10100743367 /* CitiesWeatherListViewModel.swift */ = {isa = PBXFileReference; lastKnownFileType = sourcecode.swift; path = CitiesWeatherListViewModel.swift; sourceTree = "<group>"; };
		F79B24FA22FC052400743367 /* CityWeatherTableViewCell.swift */ = {isa = PBXFileReference; lastKnownFileType = sourcecode.swift; path = CityWeatherTableViewCell.swift; sourceTree = "<group>"; };
		F79B24FC22FC375000743367 /* SearchTableViewController.swift */ = {isa = PBXFileReference; lastKnownFileType = sourcecode.swift; path = SearchTableViewController.swift; sourceTree = "<group>"; };
		F79B24FF22FC391800743367 /* SearchViewModel.swift */ = {isa = PBXFileReference; lastKnownFileType = sourcecode.swift; path = SearchViewModel.swift; sourceTree = "<group>"; };
/* End PBXFileReference section */

/* Begin PBXFrameworksBuildPhase section */
		F79B248F22FAA98700743367 /* Frameworks */ = {
			isa = PBXFrameworksBuildPhase;
			buildActionMask = 2147483647;
			files = (
				BD2D01B533CD0E15054B6B27 /* Pods_WeatherDemo.framework in Frameworks */,
			);
			runOnlyForDeploymentPostprocessing = 0;
		};
		F79B24A322FAA98800743367 /* Frameworks */ = {
			isa = PBXFrameworksBuildPhase;
			buildActionMask = 2147483647;
			files = (
				B4641E98E6A0CF54DBC14640 /* Pods_WeatherDemoTests.framework in Frameworks */,
			);
			runOnlyForDeploymentPostprocessing = 0;
		};
		F79B24B822FAB5F200743367 /* Frameworks */ = {
			isa = PBXFrameworksBuildPhase;
			buildActionMask = 2147483647;
			files = (
			);
			runOnlyForDeploymentPostprocessing = 0;
		};
/* End PBXFrameworksBuildPhase section */

/* Begin PBXGroup section */
		4AB84CD7ECD96CB34F96BF8F /* Frameworks */ = {
			isa = PBXGroup;
			children = (
				13FA36AEF78683C3FC833AB5 /* Pods_WeatherDemo.framework */,
				A1D0578661C3818F63916350 /* Pods_WeatherDemoTests.framework */,
			);
			name = Frameworks;
			sourceTree = "<group>";
		};
		7DB88B4EB119CA8610759436 /* Pods */ = {
			isa = PBXGroup;
			children = (
				F73DAD959ED38CAEB9D9652C /* Pods-WeatherDemo.debug.xcconfig */,
				CE8DE2A90A20F707539A50F5 /* Pods-WeatherDemo.release.xcconfig */,
				69C002E9620A68D0878DD11B /* Pods-WeatherDemoTests.debug.xcconfig */,
				C9E19DEDB2791E689027F41D /* Pods-WeatherDemoTests.release.xcconfig */,
			);
			path = Pods;
			sourceTree = "<group>";
		};
		F79B248922FAA98700743367 = {
			isa = PBXGroup;
			children = (
				F79B24D422FACB8300743367 /* README.md */,
				F79B249422FAA98700743367 /* WeatherDemo */,
				F79B24A922FAA98800743367 /* WeatherDemoTests */,
				F79B24BC22FAB5F200743367 /* LogicTests */,
				F79B249322FAA98700743367 /* Products */,
				7DB88B4EB119CA8610759436 /* Pods */,
				4AB84CD7ECD96CB34F96BF8F /* Frameworks */,
			);
			sourceTree = "<group>";
		};
		F79B249322FAA98700743367 /* Products */ = {
			isa = PBXGroup;
			children = (
				F79B249222FAA98700743367 /* WeatherDemo.app */,
				F79B24A622FAA98800743367 /* WeatherDemoTests.xctest */,
				F79B24BB22FAB5F200743367 /* LogicTests.xctest */,
			);
			name = Products;
			sourceTree = "<group>";
		};
		F79B249422FAA98700743367 /* WeatherDemo */ = {
			isa = PBXGroup;
			children = (
				F79B24F922FC04EB00743367 /* Views */,
				F79B24CA22FAB81200743367 /* Data model */,
				F79B24B622FAB5C400743367 /* Network */,
				F79B249522FAA98700743367 /* AppDelegate.swift */,
				F79B24FE22FC375900743367 /* Search */,
				F79B24F522FBE0BF00743367 /* Cities Weather List */,
				F79B249922FAA98700743367 /* Main.storyboard */,
				F79B249C22FAA98800743367 /* Assets.xcassets */,
				F79B249E22FAA98800743367 /* LaunchScreen.storyboard */,
				F79B24A122FAA98800743367 /* Info.plist */,
			);
			path = WeatherDemo;
			sourceTree = "<group>";
		};
		F79B24A922FAA98800743367 /* WeatherDemoTests */ = {
			isa = PBXGroup;
			children = (
				F79B24AA22FAA98800743367 /* WeatherDemoTests.swift */,
				F79B24AC22FAA98800743367 /* Info.plist */,
			);
			path = WeatherDemoTests;
			sourceTree = "<group>";
		};
		F79B24B622FAB5C400743367 /* Network */ = {
			isa = PBXGroup;
			children = (
				F79B24D122FAC8FA00743367 /* JSONDecoder.swift */,
				F79B24EB22FB9FE600743367 /* APIClient.swift */,
			);
			path = Network;
			sourceTree = "<group>";
		};
		F79B24BC22FAB5F200743367 /* LogicTests */ = {
			isa = PBXGroup;
			children = (
				F79B24C322FAB67B00743367 /* json */,
				F79B24BD22FAB5F200743367 /* CityTests.swift */,
				F79B24BF22FAB5F200743367 /* Info.plist */,
				F79B24EE22FBA0FB00743367 /* APIs.swift */,
				F79B24F322FBCBFF00743367 /* StorageTest.swift */,
			);
			path = LogicTests;
			sourceTree = "<group>";
		};
		F79B24C322FAB67B00743367 /* json */ = {
			isa = PBXGroup;
			children = (
				F79B24C622FAB68800743367 /* cities.json */,
				F79B24C422FAB68800743367 /* city.json */,
				F79B24C522FAB68800743367 /* search.json */,
			);
			path = json;
			sourceTree = "<group>";
		};
		F79B24CA22FAB81200743367 /* Data model */ = {
			isa = PBXGroup;
			children = (
				F79B24CB22FAB83500743367 /* City.swift */,
				F79B24CE22FAC48400743367 /* CitiesList.swift */,
				F79B24E822FB998600743367 /* SearchList.swift */,
				F79B24F022FBC79D00743367 /* DataStorage.swift */,
			);
			path = "Data model";
			sourceTree = "<group>";
		};
		F79B24F522FBE0BF00743367 /* Cities Weather List */ = {
			isa = PBXGroup;
			children = (
				F79B249722FAA98700743367 /* WeatherViewController.swift */,
				F79B24F622FBE10100743367 /* CitiesWeatherListViewModel.swift */,
			);
			name = "Cities Weather List";
			sourceTree = "<group>";
		};
		F79B24F922FC04EB00743367 /* Views */ = {
			isa = PBXGroup;
			children = (
				F79B24FA22FC052400743367 /* CityWeatherTableViewCell.swift */,
			);
			path = Views;
			sourceTree = "<group>";
		};
		F79B24FE22FC375900743367 /* Search */ = {
			isa = PBXGroup;
			children = (
				F79B24FC22FC375000743367 /* SearchTableViewController.swift */,
				F79B24FF22FC391800743367 /* SearchViewModel.swift */,
			);
			path = Search;
			sourceTree = "<group>";
		};
/* End PBXGroup section */

/* Begin PBXNativeTarget section */
		F79B249122FAA98700743367 /* WeatherDemo */ = {
			isa = PBXNativeTarget;
			buildConfigurationList = F79B24AF22FAA98800743367 /* Build configuration list for PBXNativeTarget "WeatherDemo" */;
			buildPhases = (
				D6D14B9470D8957615EE280D /* [CP] Check Pods Manifest.lock */,
				F79B248E22FAA98700743367 /* Sources */,
				F79B248F22FAA98700743367 /* Frameworks */,
				F79B249022FAA98700743367 /* Resources */,
				4A5AE506784E4C2E0374D6ED /* [CP] Embed Pods Frameworks */,
			);
			buildRules = (
			);
			dependencies = (
			);
			name = WeatherDemo;
			productName = WeatherDemo;
			productReference = F79B249222FAA98700743367 /* WeatherDemo.app */;
			productType = "com.apple.product-type.application";
		};
		F79B24A522FAA98800743367 /* WeatherDemoTests */ = {
			isa = PBXNativeTarget;
			buildConfigurationList = F79B24B222FAA98800743367 /* Build configuration list for PBXNativeTarget "WeatherDemoTests" */;
			buildPhases = (
				1E514F66F7538528EA0D4A6A /* [CP] Check Pods Manifest.lock */,
				F79B24A222FAA98800743367 /* Sources */,
				F79B24A322FAA98800743367 /* Frameworks */,
				F79B24A422FAA98800743367 /* Resources */,
			);
			buildRules = (
			);
			dependencies = (
				F79B24A822FAA98800743367 /* PBXTargetDependency */,
			);
			name = WeatherDemoTests;
			productName = WeatherDemoTests;
			productReference = F79B24A622FAA98800743367 /* WeatherDemoTests.xctest */;
			productType = "com.apple.product-type.bundle.unit-test";
		};
		F79B24BA22FAB5F200743367 /* LogicTests */ = {
			isa = PBXNativeTarget;
			buildConfigurationList = F79B24C022FAB5F200743367 /* Build configuration list for PBXNativeTarget "LogicTests" */;
			buildPhases = (
				F79B24B722FAB5F200743367 /* Sources */,
				F79B24B822FAB5F200743367 /* Frameworks */,
				F79B24B922FAB5F200743367 /* Resources */,
			);
			buildRules = (
			);
			dependencies = (
			);
			name = LogicTests;
			productName = LogicTests;
			productReference = F79B24BB22FAB5F200743367 /* LogicTests.xctest */;
			productType = "com.apple.product-type.bundle.unit-test";
		};
/* End PBXNativeTarget section */

/* Begin PBXProject section */
		F79B248A22FAA98700743367 /* Project object */ = {
			isa = PBXProject;
			attributes = {
				LastSwiftUpdateCheck = 1030;
				LastUpgradeCheck = 1030;
				ORGANIZATIONNAME = "An Xu";
				TargetAttributes = {
					F79B249122FAA98700743367 = {
						CreatedOnToolsVersion = 10.3;
					};
					F79B24A522FAA98800743367 = {
						CreatedOnToolsVersion = 10.3;
						TestTargetID = F79B249122FAA98700743367;
					};
					F79B24BA22FAB5F200743367 = {
						CreatedOnToolsVersion = 10.3;
					};
				};
			};
			buildConfigurationList = F79B248D22FAA98700743367 /* Build configuration list for PBXProject "WeatherDemo" */;
			compatibilityVersion = "Xcode 9.3";
			developmentRegion = en;
			hasScannedForEncodings = 0;
			knownRegions = (
				en,
				Base,
			);
			mainGroup = F79B248922FAA98700743367;
			productRefGroup = F79B249322FAA98700743367 /* Products */;
			projectDirPath = "";
			projectRoot = "";
			targets = (
				F79B249122FAA98700743367 /* WeatherDemo */,
				F79B24A522FAA98800743367 /* WeatherDemoTests */,
				F79B24BA22FAB5F200743367 /* LogicTests */,
			);
		};
/* End PBXProject section */

/* Begin PBXResourcesBuildPhase section */
		F79B249022FAA98700743367 /* Resources */ = {
			isa = PBXResourcesBuildPhase;
			buildActionMask = 2147483647;
			files = (
				F79B24A022FAA98800743367 /* LaunchScreen.storyboard in Resources */,
				F79B249D22FAA98800743367 /* Assets.xcassets in Resources */,
				F79B249B22FAA98700743367 /* Main.storyboard in Resources */,
			);
			runOnlyForDeploymentPostprocessing = 0;
		};
		F79B24A422FAA98800743367 /* Resources */ = {
			isa = PBXResourcesBuildPhase;
			buildActionMask = 2147483647;
			files = (
			);
			runOnlyForDeploymentPostprocessing = 0;
		};
		F79B24B922FAB5F200743367 /* Resources */ = {
			isa = PBXResourcesBuildPhase;
			buildActionMask = 2147483647;
			files = (
				F79B24C922FAB68800743367 /* cities.json in Resources */,
				F79B24C722FAB68800743367 /* city.json in Resources */,
				F79B24C822FAB68800743367 /* search.json in Resources */,
			);
			runOnlyForDeploymentPostprocessing = 0;
		};
/* End PBXResourcesBuildPhase section */

/* Begin PBXShellScriptBuildPhase section */
		1E514F66F7538528EA0D4A6A /* [CP] Check Pods Manifest.lock */ = {
			isa = PBXShellScriptBuildPhase;
			buildActionMask = 2147483647;
			files = (
			);
			inputFileListPaths = (
			);
			inputPaths = (
				"${PODS_PODFILE_DIR_PATH}/Podfile.lock",
				"${PODS_ROOT}/Manifest.lock",
			);
			name = "[CP] Check Pods Manifest.lock";
			outputFileListPaths = (
			);
			outputPaths = (
				"$(DERIVED_FILE_DIR)/Pods-WeatherDemoTests-checkManifestLockResult.txt",
			);
			runOnlyForDeploymentPostprocessing = 0;
			shellPath = /bin/sh;
			shellScript = "diff \"${PODS_PODFILE_DIR_PATH}/Podfile.lock\" \"${PODS_ROOT}/Manifest.lock\" > /dev/null\nif [ $? != 0 ] ; then\n    # print error to STDERR\n    echo \"error: The sandbox is not in sync with the Podfile.lock. Run 'pod install' or update your CocoaPods installation.\" >&2\n    exit 1\nfi\n# This output is used by Xcode 'outputs' to avoid re-running this script phase.\necho \"SUCCESS\" > \"${SCRIPT_OUTPUT_FILE_0}\"\n";
			showEnvVarsInLog = 0;
		};
		4A5AE506784E4C2E0374D6ED /* [CP] Embed Pods Frameworks */ = {
			isa = PBXShellScriptBuildPhase;
			buildActionMask = 2147483647;
			files = (
			);
			inputFileListPaths = (
				"${PODS_ROOT}/Target Support Files/Pods-WeatherDemo/Pods-WeatherDemo-frameworks-${CONFIGURATION}-input-files.xcfilelist",
			);
			name = "[CP] Embed Pods Frameworks";
			outputFileListPaths = (
				"${PODS_ROOT}/Target Support Files/Pods-WeatherDemo/Pods-WeatherDemo-frameworks-${CONFIGURATION}-output-files.xcfilelist",
			);
			runOnlyForDeploymentPostprocessing = 0;
			shellPath = /bin/sh;
			shellScript = "\"${PODS_ROOT}/Target Support Files/Pods-WeatherDemo/Pods-WeatherDemo-frameworks.sh\"\n";
			showEnvVarsInLog = 0;
		};
		D6D14B9470D8957615EE280D /* [CP] Check Pods Manifest.lock */ = {
			isa = PBXShellScriptBuildPhase;
			buildActionMask = 2147483647;
			files = (
			);
			inputFileListPaths = (
			);
			inputPaths = (
				"${PODS_PODFILE_DIR_PATH}/Podfile.lock",
				"${PODS_ROOT}/Manifest.lock",
			);
			name = "[CP] Check Pods Manifest.lock";
			outputFileListPaths = (
			);
			outputPaths = (
				"$(DERIVED_FILE_DIR)/Pods-WeatherDemo-checkManifestLockResult.txt",
			);
			runOnlyForDeploymentPostprocessing = 0;
			shellPath = /bin/sh;
			shellScript = "diff \"${PODS_PODFILE_DIR_PATH}/Podfile.lock\" \"${PODS_ROOT}/Manifest.lock\" > /dev/null\nif [ $? != 0 ] ; then\n    # print error to STDERR\n    echo \"error: The sandbox is not in sync with the Podfile.lock. Run 'pod install' or update your CocoaPods installation.\" >&2\n    exit 1\nfi\n# This output is used by Xcode 'outputs' to avoid re-running this script phase.\necho \"SUCCESS\" > \"${SCRIPT_OUTPUT_FILE_0}\"\n";
			showEnvVarsInLog = 0;
		};
/* End PBXShellScriptBuildPhase section */

/* Begin PBXSourcesBuildPhase section */
		F79B248E22FAA98700743367 /* Sources */ = {
			isa = PBXSourcesBuildPhase;
			buildActionMask = 2147483647;
			files = (
				F79B24CF22FAC48400743367 /* CitiesList.swift in Sources */,
				F79B24EC22FB9FE600743367 /* APIClient.swift in Sources */,
				F79B249822FAA98700743367 /* WeatherViewController.swift in Sources */,
				F79B24FB22FC052400743367 /* CityWeatherTableViewCell.swift in Sources */,
				F79B24F122FBC79D00743367 /* DataStorage.swift in Sources */,
				F79B24D222FAC8FA00743367 /* JSONDecoder.swift in Sources */,
				F79B250022FC391800743367 /* SearchViewModel.swift in Sources */,
				F79B249622FAA98700743367 /* AppDelegate.swift in Sources */,
				F79B24F722FBE10100743367 /* CitiesWeatherListViewModel.swift in Sources */,
				F79B24FD22FC375000743367 /* SearchTableViewController.swift in Sources */,
				F79B24CC22FAB83500743367 /* City.swift in Sources */,
				F79B24E922FB998600743367 /* SearchList.swift in Sources */,
			);
			runOnlyForDeploymentPostprocessing = 0;
		};
		F79B24A222FAA98800743367 /* Sources */ = {
			isa = PBXSourcesBuildPhase;
			buildActionMask = 2147483647;
			files = (
				F79B24AB22FAA98800743367 /* WeatherDemoTests.swift in Sources */,
			);
			runOnlyForDeploymentPostprocessing = 0;
		};
		F79B24B722FAB5F200743367 /* Sources */ = {
			isa = PBXSourcesBuildPhase;
			buildActionMask = 2147483647;
			files = (
				F79B250122FC391800743367 /* SearchViewModel.swift in Sources */,
				F79B24F822FBE10100743367 /* CitiesWeatherListViewModel.swift in Sources */,
				F79B24D322FAC8FA00743367 /* JSONDecoder.swift in Sources */,
				F79B24EF22FBA0FB00743367 /* APIs.swift in Sources */,
				F79B24D022FAC48400743367 /* CitiesList.swift in Sources */,
				F79B24F222FBC79D00743367 /* DataStorage.swift in Sources */,
				F79B24CD22FAB83500743367 /* City.swift in Sources */,
				F79B24EA22FB998600743367 /* SearchList.swift in Sources */,
				F79B24BE22FAB5F200743367 /* CityTests.swift in Sources */,
				F79B24F422FBCBFF00743367 /* StorageTest.swift in Sources */,
				F79B24ED22FB9FE600743367 /* APIClient.swift in Sources */,
			);
			runOnlyForDeploymentPostprocessing = 0;
		};
/* End PBXSourcesBuildPhase section */

/* Begin PBXTargetDependency section */
		F79B24A822FAA98800743367 /* PBXTargetDependency */ = {
			isa = PBXTargetDependency;
			target = F79B249122FAA98700743367 /* WeatherDemo */;
			targetProxy = F79B24A722FAA98800743367 /* PBXContainerItemProxy */;
		};
/* End PBXTargetDependency section */

/* Begin PBXVariantGroup section */
		F79B249922FAA98700743367 /* Main.storyboard */ = {
			isa = PBXVariantGroup;
			children = (
				F79B249A22FAA98700743367 /* Base */,
			);
			name = Main.storyboard;
			sourceTree = "<group>";
		};
		F79B249E22FAA98800743367 /* LaunchScreen.storyboard */ = {
			isa = PBXVariantGroup;
			children = (
				F79B249F22FAA98800743367 /* Base */,
			);
			name = LaunchScreen.storyboard;
			sourceTree = "<group>";
		};
/* End PBXVariantGroup section */

/* Begin XCBuildConfiguration section */
		F79B24AD22FAA98800743367 /* Debug */ = {
			isa = XCBuildConfiguration;
			buildSettings = {
				ALWAYS_SEARCH_USER_PATHS = NO;
				CLANG_ANALYZER_NONNULL = YES;
				CLANG_ANALYZER_NUMBER_OBJECT_CONVERSION = YES_AGGRESSIVE;
				CLANG_CXX_LANGUAGE_STANDARD = "gnu++14";
				CLANG_CXX_LIBRARY = "libc++";
				CLANG_ENABLE_MODULES = YES;
				CLANG_ENABLE_OBJC_ARC = YES;
				CLANG_ENABLE_OBJC_WEAK = YES;
				CLANG_WARN_BLOCK_CAPTURE_AUTORELEASING = YES;
				CLANG_WARN_BOOL_CONVERSION = YES;
				CLANG_WARN_COMMA = YES;
				CLANG_WARN_CONSTANT_CONVERSION = YES;
				CLANG_WARN_DEPRECATED_OBJC_IMPLEMENTATIONS = YES;
				CLANG_WARN_DIRECT_OBJC_ISA_USAGE = YES_ERROR;
				CLANG_WARN_DOCUMENTATION_COMMENTS = YES;
				CLANG_WARN_EMPTY_BODY = YES;
				CLANG_WARN_ENUM_CONVERSION = YES;
				CLANG_WARN_INFINITE_RECURSION = YES;
				CLANG_WARN_INT_CONVERSION = YES;
				CLANG_WARN_NON_LITERAL_NULL_CONVERSION = YES;
				CLANG_WARN_OBJC_IMPLICIT_RETAIN_SELF = YES;
				CLANG_WARN_OBJC_LITERAL_CONVERSION = YES;
				CLANG_WARN_OBJC_ROOT_CLASS = YES_ERROR;
				CLANG_WARN_RANGE_LOOP_ANALYSIS = YES;
				CLANG_WARN_STRICT_PROTOTYPES = YES;
				CLANG_WARN_SUSPICIOUS_MOVE = YES;
				CLANG_WARN_UNGUARDED_AVAILABILITY = YES_AGGRESSIVE;
				CLANG_WARN_UNREACHABLE_CODE = YES;
				CLANG_WARN__DUPLICATE_METHOD_MATCH = YES;
				CODE_SIGN_IDENTITY = "iPhone Developer";
				COPY_PHASE_STRIP = NO;
				DEBUG_INFORMATION_FORMAT = dwarf;
				ENABLE_STRICT_OBJC_MSGSEND = YES;
				ENABLE_TESTABILITY = YES;
				GCC_C_LANGUAGE_STANDARD = gnu11;
				GCC_DYNAMIC_NO_PIC = NO;
				GCC_NO_COMMON_BLOCKS = YES;
				GCC_OPTIMIZATION_LEVEL = 0;
				GCC_PREPROCESSOR_DEFINITIONS = (
					"DEBUG=1",
					"$(inherited)",
				);
				GCC_WARN_64_TO_32_BIT_CONVERSION = YES;
				GCC_WARN_ABOUT_RETURN_TYPE = YES_ERROR;
				GCC_WARN_UNDECLARED_SELECTOR = YES;
				GCC_WARN_UNINITIALIZED_AUTOS = YES_AGGRESSIVE;
				GCC_WARN_UNUSED_FUNCTION = YES;
				GCC_WARN_UNUSED_VARIABLE = YES;
				IPHONEOS_DEPLOYMENT_TARGET = 12.4;
				MTL_ENABLE_DEBUG_INFO = INCLUDE_SOURCE;
				MTL_FAST_MATH = YES;
				ONLY_ACTIVE_ARCH = YES;
				SDKROOT = iphoneos;
				SWIFT_ACTIVE_COMPILATION_CONDITIONS = DEBUG;
				SWIFT_OPTIMIZATION_LEVEL = "-Onone";
			};
			name = Debug;
		};
		F79B24AE22FAA98800743367 /* Release */ = {
			isa = XCBuildConfiguration;
			buildSettings = {
				ALWAYS_SEARCH_USER_PATHS = NO;
				CLANG_ANALYZER_NONNULL = YES;
				CLANG_ANALYZER_NUMBER_OBJECT_CONVERSION = YES_AGGRESSIVE;
				CLANG_CXX_LANGUAGE_STANDARD = "gnu++14";
				CLANG_CXX_LIBRARY = "libc++";
				CLANG_ENABLE_MODULES = YES;
				CLANG_ENABLE_OBJC_ARC = YES;
				CLANG_ENABLE_OBJC_WEAK = YES;
				CLANG_WARN_BLOCK_CAPTURE_AUTORELEASING = YES;
				CLANG_WARN_BOOL_CONVERSION = YES;
				CLANG_WARN_COMMA = YES;
				CLANG_WARN_CONSTANT_CONVERSION = YES;
				CLANG_WARN_DEPRECATED_OBJC_IMPLEMENTATIONS = YES;
				CLANG_WARN_DIRECT_OBJC_ISA_USAGE = YES_ERROR;
				CLANG_WARN_DOCUMENTATION_COMMENTS = YES;
				CLANG_WARN_EMPTY_BODY = YES;
				CLANG_WARN_ENUM_CONVERSION = YES;
				CLANG_WARN_INFINITE_RECURSION = YES;
				CLANG_WARN_INT_CONVERSION = YES;
				CLANG_WARN_NON_LITERAL_NULL_CONVERSION = YES;
				CLANG_WARN_OBJC_IMPLICIT_RETAIN_SELF = YES;
				CLANG_WARN_OBJC_LITERAL_CONVERSION = YES;
				CLANG_WARN_OBJC_ROOT_CLASS = YES_ERROR;
				CLANG_WARN_RANGE_LOOP_ANALYSIS = YES;
				CLANG_WARN_STRICT_PROTOTYPES = YES;
				CLANG_WARN_SUSPICIOUS_MOVE = YES;
				CLANG_WARN_UNGUARDED_AVAILABILITY = YES_AGGRESSIVE;
				CLANG_WARN_UNREACHABLE_CODE = YES;
				CLANG_WARN__DUPLICATE_METHOD_MATCH = YES;
				CODE_SIGN_IDENTITY = "iPhone Developer";
				COPY_PHASE_STRIP = NO;
				DEBUG_INFORMATION_FORMAT = "dwarf-with-dsym";
				ENABLE_NS_ASSERTIONS = NO;
				ENABLE_STRICT_OBJC_MSGSEND = YES;
				GCC_C_LANGUAGE_STANDARD = gnu11;
				GCC_NO_COMMON_BLOCKS = YES;
				GCC_WARN_64_TO_32_BIT_CONVERSION = YES;
				GCC_WARN_ABOUT_RETURN_TYPE = YES_ERROR;
				GCC_WARN_UNDECLARED_SELECTOR = YES;
				GCC_WARN_UNINITIALIZED_AUTOS = YES_AGGRESSIVE;
				GCC_WARN_UNUSED_FUNCTION = YES;
				GCC_WARN_UNUSED_VARIABLE = YES;
				IPHONEOS_DEPLOYMENT_TARGET = 12.4;
				MTL_ENABLE_DEBUG_INFO = NO;
				MTL_FAST_MATH = YES;
				SDKROOT = iphoneos;
				SWIFT_COMPILATION_MODE = wholemodule;
				SWIFT_OPTIMIZATION_LEVEL = "-O";
				VALIDATE_PRODUCT = YES;
			};
			name = Release;
		};
		F79B24B022FAA98800743367 /* Debug */ = {
			isa = XCBuildConfiguration;
			baseConfigurationReference = F73DAD959ED38CAEB9D9652C /* Pods-WeatherDemo.debug.xcconfig */;
			buildSettings = {
				ASSETCATALOG_COMPILER_APPICON_NAME = AppIcon;
				CODE_SIGN_STYLE = Automatic;
				INFOPLIST_FILE = WeatherDemo/Info.plist;
				IPHONEOS_DEPLOYMENT_TARGET = 11.0;
				LD_RUNPATH_SEARCH_PATHS = (
					"$(inherited)",
					"@executable_path/Frameworks",
				);
				PRODUCT_BUNDLE_IDENTIFIER = sam.xu.WeatherDemo;
				PRODUCT_NAME = "$(TARGET_NAME)";
				SWIFT_VERSION = 5.0;
				TARGETED_DEVICE_FAMILY = "1,2";
			};
			name = Debug;
		};
		F79B24B122FAA98800743367 /* Release */ = {
			isa = XCBuildConfiguration;
			baseConfigurationReference = CE8DE2A90A20F707539A50F5 /* Pods-WeatherDemo.release.xcconfig */;
			buildSettings = {
				ASSETCATALOG_COMPILER_APPICON_NAME = AppIcon;
				CODE_SIGN_STYLE = Automatic;
				INFOPLIST_FILE = WeatherDemo/Info.plist;
				IPHONEOS_DEPLOYMENT_TARGET = 11.0;
				LD_RUNPATH_SEARCH_PATHS = (
					"$(inherited)",
					"@executable_path/Frameworks",
				);
				PRODUCT_BUNDLE_IDENTIFIER = sam.xu.WeatherDemo;
				PRODUCT_NAME = "$(TARGET_NAME)";
				SWIFT_VERSION = 5.0;
				TARGETED_DEVICE_FAMILY = "1,2";
			};
			name = Release;
		};
		F79B24B322FAA98800743367 /* Debug */ = {
			isa = XCBuildConfiguration;
			baseConfigurationReference = 69C002E9620A68D0878DD11B /* Pods-WeatherDemoTests.debug.xcconfig */;
			buildSettings = {
				ALWAYS_EMBED_SWIFT_STANDARD_LIBRARIES = YES;
				BUNDLE_LOADER = "$(TEST_HOST)";
				CODE_SIGN_STYLE = Automatic;
				INFOPLIST_FILE = WeatherDemoTests/Info.plist;
				LD_RUNPATH_SEARCH_PATHS = (
					"$(inherited)",
					"@executable_path/Frameworks",
					"@loader_path/Frameworks",
				);
				PRODUCT_BUNDLE_IDENTIFIER = sam.xu.WeatherDemoTests;
				PRODUCT_NAME = "$(TARGET_NAME)";
				SWIFT_VERSION = 5.0;
				TARGETED_DEVICE_FAMILY = "1,2";
				TEST_HOST = "$(BUILT_PRODUCTS_DIR)/WeatherDemo.app/WeatherDemo";
			};
			name = Debug;
		};
		F79B24B422FAA98800743367 /* Release */ = {
			isa = XCBuildConfiguration;
			baseConfigurationReference = C9E19DEDB2791E689027F41D /* Pods-WeatherDemoTests.release.xcconfig */;
			buildSettings = {
				ALWAYS_EMBED_SWIFT_STANDARD_LIBRARIES = YES;
				BUNDLE_LOADER = "$(TEST_HOST)";
				CODE_SIGN_STYLE = Automatic;
				INFOPLIST_FILE = WeatherDemoTests/Info.plist;
				LD_RUNPATH_SEARCH_PATHS = (
					"$(inherited)",
					"@executable_path/Frameworks",
					"@loader_path/Frameworks",
				);
				PRODUCT_BUNDLE_IDENTIFIER = sam.xu.WeatherDemoTests;
				PRODUCT_NAME = "$(TARGET_NAME)";
				SWIFT_VERSION = 5.0;
				TARGETED_DEVICE_FAMILY = "1,2";
				TEST_HOST = "$(BUILT_PRODUCTS_DIR)/WeatherDemo.app/WeatherDemo";
			};
			name = Release;
		};
		F79B24C122FAB5F200743367 /* Debug */ = {
			isa = XCBuildConfiguration;
			buildSettings = {
				CODE_SIGN_STYLE = Automatic;
				INFOPLIST_FILE = LogicTests/Info.plist;
				LD_RUNPATH_SEARCH_PATHS = (
					"$(inherited)",
					"@executable_path/Frameworks",
					"@loader_path/Frameworks",
				);
				PRODUCT_BUNDLE_IDENTIFIER = sam.xu.LogicTests;
				PRODUCT_NAME = "$(TARGET_NAME)";
				SWIFT_VERSION = 5.0;
				TARGETED_DEVICE_FAMILY = "1,2";
			};
			name = Debug;
		};
		F79B24C222FAB5F200743367 /* Release */ = {
			isa = XCBuildConfiguration;
			buildSettings = {
				CODE_SIGN_STYLE = Automatic;
				INFOPLIST_FILE = LogicTests/Info.plist;
				LD_RUNPATH_SEARCH_PATHS = (
					"$(inherited)",
					"@executable_path/Frameworks",
					"@loader_path/Frameworks",
				);
				PRODUCT_BUNDLE_IDENTIFIER = sam.xu.LogicTests;
				PRODUCT_NAME = "$(TARGET_NAME)";
				SWIFT_VERSION = 5.0;
				TARGETED_DEVICE_FAMILY = "1,2";
			};
			name = Release;
		};
/* End XCBuildConfiguration section */

/* Begin XCConfigurationList section */
		F79B248D22FAA98700743367 /* Build configuration list for PBXProject "WeatherDemo" */ = {
			isa = XCConfigurationList;
			buildConfigurations = (
				F79B24AD22FAA98800743367 /* Debug */,
				F79B24AE22FAA98800743367 /* Release */,
			);
			defaultConfigurationIsVisible = 0;
			defaultConfigurationName = Release;
		};
		F79B24AF22FAA98800743367 /* Build configuration list for PBXNativeTarget "WeatherDemo" */ = {
			isa = XCConfigurationList;
			buildConfigurations = (
				F79B24B022FAA98800743367 /* Debug */,
				F79B24B122FAA98800743367 /* Release */,
			);
			defaultConfigurationIsVisible = 0;
			defaultConfigurationName = Release;
		};
		F79B24B222FAA98800743367 /* Build configuration list for PBXNativeTarget "WeatherDemoTests" */ = {
			isa = XCConfigurationList;
			buildConfigurations = (
				F79B24B322FAA98800743367 /* Debug */,
				F79B24B422FAA98800743367 /* Release */,
			);
			defaultConfigurationIsVisible = 0;
			defaultConfigurationName = Release;
		};
		F79B24C022FAB5F200743367 /* Build configuration list for PBXNativeTarget "LogicTests" */ = {
			isa = XCConfigurationList;
			buildConfigurations = (
				F79B24C122FAB5F200743367 /* Debug */,
				F79B24C222FAB5F200743367 /* Release */,
			);
			defaultConfigurationIsVisible = 0;
			defaultConfigurationName = Release;
		};
/* End XCConfigurationList section */
	};
	rootObject = F79B248A22FAA98700743367 /* Project object */;
}
